
Microsoft Visual Studio Solution File, Format Version 12.00
# Visual Studio 15
VisualStudioVersion = 15.0.28307.168
MinimumVisualStudioVersion = 10.0.40219.1
Project("{FAE04EC0-301F-11D3-BF4B-00C04F79EFBC}") = "ProbeTestApp", "ProbeTestApp\ProbeTestApp.csproj", "{9C166E69-EAC1-492E-AB3C-1325413B9FCA}"
EndProject
Global
	GlobalSection(SolutionConfigurationPlatforms) = preSolution
		Debug|Any CPU = Debug|Any CPU
		Release|Any CPU = Release|Any CPU
	EndGlobalSection
	GlobalSection(ProjectConfigurationPlatforms) = postSolution
		{9C166E69-EAC1-492E-AB3C-1325413B9FCA}.Debug|Any CPU.ActiveCfg = Debug|Any CPU
		{9C166E69-EAC1-492E-AB3C-1325413B9FCA}.Debug|Any CPU.Build.0 = Debug|Any CPU
		{9C166E69-EAC1-492E-AB3C-1325413B9FCA}.Release|Any CPU.ActiveCfg = Release|Any CPU
		{9C166E69-EAC1-492E-AB3C-1325413B9FCA}.Release|Any CPU.Build.0 = Release|Any CPU
	EndGlobalSection
	GlobalSection(SolutionProperties) = preSolution
		HideSolutionNode = FALSE
	EndGlobalSection
	GlobalSection(ExtensibilityGlobals) = postSolution
		SolutionGuid = {7A391781-87AE-4CD8-A634-1FAFC1A12193}
	EndGlobalSection
EndGlobal
